{
  "name": "sample-cdk",
  "lockfileVersion": 2,
  "requires": true,
  "packages": {
    "": {
      "dependencies": {
        "aws-cdk": "^2.83.1",
        "cdk": "^2.83.1",
        "n": "^9.1.0"
      }
    },
    "node_modules/aws-cdk": {
      "version": "2.83.1",
      "resolved": "https://registry.npmjs.org/aws-cdk/-/aws-cdk-2.83.1.tgz",
      "integrity": "sha512-hM2fsHl2TXk3B0MTq7zRU/KqJiVrnTQ3SXbAfleQCfCf/Jpy6yD6nGqrEADFAYNLSPoA9iC3SLnO73SPqqjjRQ==",
      "bin": {
        "cdk": "bin/cdk"
      },
      "engines": {
        "node": ">= 14.15.0"
      },
      "optionalDependencies": {
        "fsevents": "2.3.2"
      }
    },
    "node_modules/cdk": {
      "version": "2.83.1",
      "resolved": "https://registry.npmjs.org/cdk/-/cdk-2.83.1.tgz",
      "integrity": "sha512-4f+cCH0WtdjPYxAC0y6Xyvvd7OUzmsc5ozX/W2SjKePDj4CINDd42yEFq1zVsj1al0JteehPZOBKZwq1lCS5Og==",
      "dependencies": {
        "aws-cdk": "2.83.1"
      },
      "bin": {
        "cdk": "bin/cdk"
      },
      "engines": {
        "node": ">= 14.15.0"
      }
    },
    "node_modules/fsevents": {
      "version": "2.3.2",
      "resolved": "https://registry.npmjs.org/fsevents/-/fsevents-2.3.2.tgz",
      "integrity": "sha512-xiqMQR4xAeHTuB9uWm+fFRcIOgKBMiOBP+eXiyT7jsgVCq1bkVygt00oASowB7EdtpOHaaPgKt812P9ab+DDKA==",
      "hasInstallScript": true,
      "optional": true,
      "os": [
        "darwin"
      ],
      "engines": {
        "node": "^8.16.0 || ^10.6.0 || >=11.0.0"
      }
    },
    "node_modules/n": {
      "version": "9.1.0",
      "resolved": "https://registry.npmjs.org/n/-/n-9.1.0.tgz",
      "integrity": "sha512-fFezMcaE/xD1UXIeC1vKgxzCrAwOjlj4AaX3x7slEdxA/NTQhFKK2JK7iU1d897xf5dJyv8HDrDzk83PEkaZAA==",
      "os": [
        "!win32"
      ],
      "bin": {
        "n": "bin/n"
      },
      "engines": {
        "node": "*"
      }
    }
  },
  "dependencies": {
    "aws-cdk": {
      "version": "2.83.1",
      "resolved": "https://registry.npmjs.org/aws-cdk/-/aws-cdk-2.83.1.tgz",
      "integrity": "sha512-hM2fsHl2TXk3B0MTq7zRU/KqJiVrnTQ3SXbAfleQCfCf/Jpy6yD6nGqrEADFAYNLSPoA9iC3SLnO73SPqqjjRQ==",
      "requires": {
        "fsevents": "2.3.2"
      }
    },
    "cdk": {
      "version": "2.83.1",
      "resolved": "https://registry.npmjs.org/cdk/-/cdk-2.83.1.tgz",
      "integrity": "sha512-4f+cCH0WtdjPYxAC0y6Xyvvd7OUzmsc5ozX/W2SjKePDj4CINDd42yEFq1zVsj1al0JteehPZOBKZwq1lCS5Og==",
      "requires": {
        "aws-cdk": "2.83.1"
      }
    },
    "fsevents": {
      "version": "2.3.2",
      "resolved": "https://registry.npmjs.org/fsevents/-/fsevents-2.3.2.tgz",
      "integrity": "sha512-xiqMQR4xAeHTuB9uWm+fFRcIOgKBMiOBP+eXiyT7jsgVCq1bkVygt00oASowB7EdtpOHaaPgKt812P9ab+DDKA==",
      "optional": true
    },
    "n": {
      "version": "9.1.0",
      "resolved": "https://registry.npmjs.org/n/-/n-9.1.0.tgz",
      "integrity": "sha512-fFezMcaE/xD1UXIeC1vKgxzCrAwOjlj4AaX3x7slEdxA/NTQhFKK2JK7iU1d897xf5dJyv8HDrDzk83PEkaZAA=="
    }
  }
}
